// !$*UTF8*$!
{
	archiveVersion = 1;
	classes = {
	};
	objectVersion = 52;
	objects = {

/* Begin PBXBuildFile section */
		9F237A272600207200D5CA86 /* JoinSessionView.swift in Sources */ = {isa = PBXBuildFile; fileRef = 9F237A262600207200D5CA86 /* JoinSessionView.swift */; };
		9F237A2A260020EE00D5CA86 /* JoinSessionViewModel.swift in Sources */ = {isa = PBXBuildFile; fileRef = 9F237A29260020EE00D5CA86 /* JoinSessionViewModel.swift */; };
		9F56A9CA26109F62000E7C71 /* SessionHostView.swift in Sources */ = {isa = PBXBuildFile; fileRef = 9F56A9C926109F62000E7C71 /* SessionHostView.swift */; };
		9F56A9CD2610A288000E7C71 /* SessionHostViewModel.swift in Sources */ = {isa = PBXBuildFile; fileRef = 9F56A9CC2610A288000E7C71 /* SessionHostViewModel.swift */; };
		9F56A9D02610B172000E7C71 /* UserManager.swift in Sources */ = {isa = PBXBuildFile; fileRef = 9F56A9CF2610B172000E7C71 /* UserManager.swift */; };
		9F7DF2E8260F9345005BCF83 /* FirebaseFunctions in Frameworks */ = {isa = PBXBuildFile; productRef = 9F7DF2E7260F9345005BCF83 /* FirebaseFunctions */; };
		9F7DF2EA260F9345005BCF83 /* FirebaseFirestoreSwift-Beta in Frameworks */ = {isa = PBXBuildFile; productRef = 9F7DF2E9260F9345005BCF83 /* FirebaseFirestoreSwift-Beta */; };
		9F7DF2EC260F9345005BCF83 /* FirebaseAuth in Frameworks */ = {isa = PBXBuildFile; productRef = 9F7DF2EB260F9345005BCF83 /* FirebaseAuth */; };
		9F7DF2EE260F9345005BCF83 /* FirebaseFirestore in Frameworks */ = {isa = PBXBuildFile; productRef = 9F7DF2ED260F9345005BCF83 /* FirebaseFirestore */; };
		9F7DF2F0260F9345005BCF83 /* FirebaseDatabase in Frameworks */ = {isa = PBXBuildFile; productRef = 9F7DF2EF260F9345005BCF83 /* FirebaseDatabase */; };
		9F7DF2F3260F93BE005BCF83 /* GoogleService-Info.plist in Resources */ = {isa = PBXBuildFile; fileRef = 9F7DF2F2260F93BE005BCF83 /* GoogleService-Info.plist */; };
		9F7DF2F8260F945C005BCF83 /* FirebaseManager.swift in Sources */ = {isa = PBXBuildFile; fileRef = 9F7DF2F7260F945C005BCF83 /* FirebaseManager.swift */; };
		9F7DF2FC260F9893005BCF83 /* Session.swift in Sources */ = {isa = PBXBuildFile; fileRef = 9F7DF2FB260F9893005BCF83 /* Session.swift */; };
		9F7DF2FF26108A25005BCF83 /* Song.swift in Sources */ = {isa = PBXBuildFile; fileRef = 9F7DF2FE26108A25005BCF83 /* Song.swift */; };
		9F7DF30226108A7C005BCF83 /* User.swift in Sources */ = {isa = PBXBuildFile; fileRef = 9F7DF30126108A7B005BCF83 /* User.swift */; };
		9F7DF30526108B2B005BCF83 /* CreateSessionView.swift in Sources */ = {isa = PBXBuildFile; fileRef = 9F7DF30426108B2B005BCF83 /* CreateSessionView.swift */; };
		9F7DF3082610954A005BCF83 /* SpotifyHostManager.swift in Sources */ = {isa = PBXBuildFile; fileRef = 9F7DF3072610954A005BCF83 /* SpotifyHostManager.swift */; };
		9FA1060A260A8D8B00D2C9A3 /* HomeView.swift in Sources */ = {isa = PBXBuildFile; fileRef = 9FA10609260A8D8B00D2C9A3 /* HomeView.swift */; };
		9FA8A4A12611286D009B222C /* SessionMemberView.swift in Sources */ = {isa = PBXBuildFile; fileRef = 9FA8A4A02611286D009B222C /* SessionMemberView.swift */; };
		9FA8A4A4261128DF009B222C /* SessionMemberViewModel.swift in Sources */ = {isa = PBXBuildFile; fileRef = 9FA8A4A3261128DF009B222C /* SessionMemberViewModel.swift */; };
		9FD356C725FE345D00C66E41 /* queuedApp.swift in Sources */ = {isa = PBXBuildFile; fileRef = 9FD356C625FE345D00C66E41 /* queuedApp.swift */; };
		9FD356C925FE345D00C66E41 /* ContentView.swift in Sources */ = {isa = PBXBuildFile; fileRef = 9FD356C825FE345D00C66E41 /* ContentView.swift */; };
		9FD356CB25FE346200C66E41 /* Assets.xcassets in Resources */ = {isa = PBXBuildFile; fileRef = 9FD356CA25FE346200C66E41 /* Assets.xcassets */; };
		9FD356CE25FE346200C66E41 /* Preview Assets.xcassets in Resources */ = {isa = PBXBuildFile; fileRef = 9FD356CD25FE346200C66E41 /* Preview Assets.xcassets */; };
		9FD356D825FE3A2D00C66E41 /* SpotifyAPI in Frameworks */ = {isa = PBXBuildFile; productRef = 9FD356D725FE3A2D00C66E41 /* SpotifyAPI */; };
		9FD356E425FE3EDE00C66E41 /* SongSearchView.swift in Sources */ = {isa = PBXBuildFile; fileRef = 9FD356E325FE3EDE00C66E41 /* SongSearchView.swift */; };
		9FD356E725FE3F0D00C66E41 /* SpotifySearchViewModel.swift in Sources */ = {isa = PBXBuildFile; fileRef = 9FD356E625FE3F0D00C66E41 /* SpotifySearchViewModel.swift */; };
		9FD356ED25FE412B00C66E41 /* ImageView.swift in Sources */ = {isa = PBXBuildFile; fileRef = 9FD356EC25FE412B00C66E41 /* ImageView.swift */; };
		9FD356F025FE4C6300C66E41 /* View+Additions.swift in Sources */ = {isa = PBXBuildFile; fileRef = 9FD356EF25FE4C6300C66E41 /* View+Additions.swift */; };
		9FD356F425FE4D6300C66E41 /* AlertToast in Frameworks */ = {isa = PBXBuildFile; productRef = 9FD356F325FE4D6300C66E41 /* AlertToast */; };
		9FD356F825FE7D2B00C66E41 /* AppleMusicAPI in Frameworks */ = {isa = PBXBuildFile; productRef = 9FD356F725FE7D2B00C66E41 /* AppleMusicAPI */; };
		9FEE69302610C1060007BB16 /* SwiftKeychainWrapper in Frameworks */ = {isa = PBXBuildFile; productRef = 9FEE692F2610C1060007BB16 /* SwiftKeychainWrapper */; };
		9FEE69332610E46B0007BB16 /* ProfileView.swift in Sources */ = {isa = PBXBuildFile; fileRef = 9FEE69322610E46B0007BB16 /* ProfileView.swift */; };
/* End PBXBuildFile section */

/* Begin PBXFileReference section */
		9F237A262600207200D5CA86 /* JoinSessionView.swift */ = {isa = PBXFileReference; lastKnownFileType = sourcecode.swift; path = JoinSessionView.swift; sourceTree = "<group>"; };
		9F237A29260020EE00D5CA86 /* JoinSessionViewModel.swift */ = {isa = PBXFileReference; lastKnownFileType = sourcecode.swift; path = JoinSessionViewModel.swift; sourceTree = "<group>"; };
		9F56A9C926109F62000E7C71 /* SessionHostView.swift */ = {isa = PBXFileReference; lastKnownFileType = sourcecode.swift; path = SessionHostView.swift; sourceTree = "<group>"; };
		9F56A9CC2610A288000E7C71 /* SessionHostViewModel.swift */ = {isa = PBXFileReference; lastKnownFileType = sourcecode.swift; path = SessionHostViewModel.swift; sourceTree = "<group>"; };
		9F56A9CF2610B172000E7C71 /* UserManager.swift */ = {isa = PBXFileReference; lastKnownFileType = sourcecode.swift; path = UserManager.swift; sourceTree = "<group>"; };
		9F7DF2F2260F93BE005BCF83 /* GoogleService-Info.plist */ = {isa = PBXFileReference; fileEncoding = 4; lastKnownFileType = text.plist.xml; path = "GoogleService-Info.plist"; sourceTree = "<group>"; };
		9F7DF2F7260F945C005BCF83 /* FirebaseManager.swift */ = {isa = PBXFileReference; lastKnownFileType = sourcecode.swift; path = FirebaseManager.swift; sourceTree = "<group>"; };
		9F7DF2FB260F9893005BCF83 /* Session.swift */ = {isa = PBXFileReference; lastKnownFileType = sourcecode.swift; path = Session.swift; sourceTree = "<group>"; };
		9F7DF2FE26108A25005BCF83 /* Song.swift */ = {isa = PBXFileReference; lastKnownFileType = sourcecode.swift; path = Song.swift; sourceTree = "<group>"; };
		9F7DF30126108A7B005BCF83 /* User.swift */ = {isa = PBXFileReference; lastKnownFileType = sourcecode.swift; path = User.swift; sourceTree = "<group>"; };
		9F7DF30426108B2B005BCF83 /* CreateSessionView.swift */ = {isa = PBXFileReference; lastKnownFileType = sourcecode.swift; path = CreateSessionView.swift; sourceTree = "<group>"; };
		9F7DF3072610954A005BCF83 /* SpotifyHostManager.swift */ = {isa = PBXFileReference; lastKnownFileType = sourcecode.swift; path = SpotifyHostManager.swift; sourceTree = "<group>"; };
		9FA10609260A8D8B00D2C9A3 /* HomeView.swift */ = {isa = PBXFileReference; lastKnownFileType = sourcecode.swift; path = HomeView.swift; sourceTree = "<group>"; };
		9FA8A4A02611286D009B222C /* SessionMemberView.swift */ = {isa = PBXFileReference; lastKnownFileType = sourcecode.swift; path = SessionMemberView.swift; sourceTree = "<group>"; };
		9FA8A4A3261128DF009B222C /* SessionMemberViewModel.swift */ = {isa = PBXFileReference; lastKnownFileType = sourcecode.swift; path = SessionMemberViewModel.swift; sourceTree = "<group>"; };
		9FD356C325FE345D00C66E41 /* queued.app */ = {isa = PBXFileReference; explicitFileType = wrapper.application; includeInIndex = 0; path = queued.app; sourceTree = BUILT_PRODUCTS_DIR; };
		9FD356C625FE345D00C66E41 /* queuedApp.swift */ = {isa = PBXFileReference; lastKnownFileType = sourcecode.swift; path = queuedApp.swift; sourceTree = "<group>"; };
		9FD356C825FE345D00C66E41 /* ContentView.swift */ = {isa = PBXFileReference; lastKnownFileType = sourcecode.swift; path = ContentView.swift; sourceTree = "<group>"; };
		9FD356CA25FE346200C66E41 /* Assets.xcassets */ = {isa = PBXFileReference; lastKnownFileType = folder.assetcatalog; path = Assets.xcassets; sourceTree = "<group>"; };
		9FD356CD25FE346200C66E41 /* Preview Assets.xcassets */ = {isa = PBXFileReference; lastKnownFileType = folder.assetcatalog; path = "Preview Assets.xcassets"; sourceTree = "<group>"; };
		9FD356CF25FE346200C66E41 /* Info.plist */ = {isa = PBXFileReference; lastKnownFileType = text.plist.xml; path = Info.plist; sourceTree = "<group>"; };
		9FD356E325FE3EDE00C66E41 /* SongSearchView.swift */ = {isa = PBXFileReference; lastKnownFileType = sourcecode.swift; path = SongSearchView.swift; sourceTree = "<group>"; };
		9FD356E625FE3F0D00C66E41 /* SpotifySearchViewModel.swift */ = {isa = PBXFileReference; lastKnownFileType = sourcecode.swift; path = SpotifySearchViewModel.swift; sourceTree = "<group>"; };
		9FD356EC25FE412B00C66E41 /* ImageView.swift */ = {isa = PBXFileReference; lastKnownFileType = sourcecode.swift; path = ImageView.swift; sourceTree = "<group>"; };
		9FD356EF25FE4C6300C66E41 /* View+Additions.swift */ = {isa = PBXFileReference; lastKnownFileType = sourcecode.swift; path = "View+Additions.swift"; sourceTree = "<group>"; };
		9FEE69322610E46B0007BB16 /* ProfileView.swift */ = {isa = PBXFileReference; lastKnownFileType = sourcecode.swift; path = ProfileView.swift; sourceTree = "<group>"; };
/* End PBXFileReference section */

/* Begin PBXFrameworksBuildPhase section */
		9FD356C025FE345D00C66E41 /* Frameworks */ = {
			isa = PBXFrameworksBuildPhase;
			buildActionMask = 2147483647;
			files = (
				9FD356F825FE7D2B00C66E41 /* AppleMusicAPI in Frameworks */,
				9F7DF2EC260F9345005BCF83 /* FirebaseAuth in Frameworks */,
				9FD356D825FE3A2D00C66E41 /* SpotifyAPI in Frameworks */,
				9F7DF2EA260F9345005BCF83 /* FirebaseFirestoreSwift-Beta in Frameworks */,
				9FD356F425FE4D6300C66E41 /* AlertToast in Frameworks */,
				9F7DF2E8260F9345005BCF83 /* FirebaseFunctions in Frameworks */,
				9F7DF2F0260F9345005BCF83 /* FirebaseDatabase in Frameworks */,
				9F7DF2EE260F9345005BCF83 /* FirebaseFirestore in Frameworks */,
				9FEE69302610C1060007BB16 /* SwiftKeychainWrapper in Frameworks */,
			);
			runOnlyForDeploymentPostprocessing = 0;
		};
/* End PBXFrameworksBuildPhase section */

/* Begin PBXGroup section */
		9F237A1C26001D2900D5CA86 /* Search */ = {
			isa = PBXGroup;
			children = (
				9FD356E625FE3F0D00C66E41 /* SpotifySearchViewModel.swift */,
				9FD356E325FE3EDE00C66E41 /* SongSearchView.swift */,
			);
			path = Search;
			sourceTree = "<group>";
		};
		9F237A1F26001D5B00D5CA86 /* Extensions */ = {
			isa = PBXGroup;
			children = (
				9FD356EF25FE4C6300C66E41 /* View+Additions.swift */,
			);
			path = Extensions;
			sourceTree = "<group>";
		};
		9F237A2126001D6300D5CA86 /* Components */ = {
			isa = PBXGroup;
			children = (
				9FD356EC25FE412B00C66E41 /* ImageView.swift */,
			);
			path = Components;
			sourceTree = "<group>";
		};
		9F237A252600206500D5CA86 /* NearbySessions */ = {
			isa = PBXGroup;
			children = (
				9F237A29260020EE00D5CA86 /* JoinSessionViewModel.swift */,
				9F237A262600207200D5CA86 /* JoinSessionView.swift */,
			);
			path = NearbySessions;
			sourceTree = "<group>";
		};
		9F7DF2F5260F944F005BCF83 /* Managers */ = {
			isa = PBXGroup;
			children = (
				9F7DF2F7260F945C005BCF83 /* FirebaseManager.swift */,
				9F7DF3072610954A005BCF83 /* SpotifyHostManager.swift */,
				9F56A9CF2610B172000E7C71 /* UserManager.swift */,
			);
			path = Managers;
			sourceTree = "<group>";
		};
		9F7DF2FA260F9885005BCF83 /* Model */ = {
			isa = PBXGroup;
			children = (
				9F7DF2FB260F9893005BCF83 /* Session.swift */,
				9F7DF2FE26108A25005BCF83 /* Song.swift */,
				9F7DF30126108A7B005BCF83 /* User.swift */,
			);
			path = Model;
			sourceTree = "<group>";
		};
		9F7DF30A2610975A005BCF83 /* Views */ = {
			isa = PBXGroup;
			children = (
				9FD356C825FE345D00C66E41 /* ContentView.swift */,
				9FA10608260A8D8000D2C9A3 /* Home */,
				9FA103D52608985C00D2C9A3 /* SessionMember */,
				9FA103D42608985500D2C9A3 /* SessionHost */,
			);
			path = Views;
			sourceTree = "<group>";
		};
		9FA103D42608985500D2C9A3 /* SessionHost */ = {
			isa = PBXGroup;
			children = (
				9F7DF30426108B2B005BCF83 /* CreateSessionView.swift */,
				9F56A9C926109F62000E7C71 /* SessionHostView.swift */,
				9F56A9CC2610A288000E7C71 /* SessionHostViewModel.swift */,
			);
			path = SessionHost;
			sourceTree = "<group>";
		};
		9FA103D52608985C00D2C9A3 /* SessionMember */ = {
			isa = PBXGroup;
			children = (
				9FA8A4A02611286D009B222C /* SessionMemberView.swift */,
				9FA8A4A3261128DF009B222C /* SessionMemberViewModel.swift */,
			);
			path = SessionMember;
			sourceTree = "<group>";
		};
		9FA10608260A8D8000D2C9A3 /* Home */ = {
			isa = PBXGroup;
			children = (
				9FA10609260A8D8B00D2C9A3 /* HomeView.swift */,
				9FEE69322610E46B0007BB16 /* ProfileView.swift */,
			);
			path = Home;
			sourceTree = "<group>";
		};
		9FD356BA25FE345D00C66E41 = {
			isa = PBXGroup;
			children = (
				9FD356C525FE345D00C66E41 /* queued */,
				9FD356C425FE345D00C66E41 /* Products */,
			);
			sourceTree = "<group>";
		};
		9FD356C425FE345D00C66E41 /* Products */ = {
			isa = PBXGroup;
			children = (
				9FD356C325FE345D00C66E41 /* queued.app */,
			);
			name = Products;
			sourceTree = "<group>";
		};
		9FD356C525FE345D00C66E41 /* queued */ = {
			isa = PBXGroup;
			children = (
				9FD356C625FE345D00C66E41 /* queuedApp.swift */,
				9F7DF2F2260F93BE005BCF83 /* GoogleService-Info.plist */,
				9F7DF2F5260F944F005BCF83 /* Managers */,
				9F7DF30A2610975A005BCF83 /* Views */,
				9F237A252600206500D5CA86 /* NearbySessions */,
				9F237A1C26001D2900D5CA86 /* Search */,
				9F237A2126001D6300D5CA86 /* Components */,
				9F237A1F26001D5B00D5CA86 /* Extensions */,
				9F7DF2FA260F9885005BCF83 /* Model */,
				9FD356CA25FE346200C66E41 /* Assets.xcassets */,
				9FD356CF25FE346200C66E41 /* Info.plist */,
				9FD356CC25FE346200C66E41 /* Preview Content */,
			);
			path = queued;
			sourceTree = "<group>";
		};
		9FD356CC25FE346200C66E41 /* Preview Content */ = {
			isa = PBXGroup;
			children = (
				9FD356CD25FE346200C66E41 /* Preview Assets.xcassets */,
			);
			path = "Preview Content";
			sourceTree = "<group>";
		};
/* End PBXGroup section */

/* Begin PBXNativeTarget section */
		9FD356C225FE345D00C66E41 /* queued */ = {
			isa = PBXNativeTarget;
			buildConfigurationList = 9FD356D225FE346200C66E41 /* Build configuration list for PBXNativeTarget "queued" */;
			buildPhases = (
				9FD356BF25FE345D00C66E41 /* Sources */,
				9FD356C025FE345D00C66E41 /* Frameworks */,
				9FD356C125FE345D00C66E41 /* Resources */,
			);
			buildRules = (
			);
			dependencies = (
			);
			name = queued;
			packageProductDependencies = (
				9FD356D725FE3A2D00C66E41 /* SpotifyAPI */,
				9FD356F325FE4D6300C66E41 /* AlertToast */,
				9FD356F725FE7D2B00C66E41 /* AppleMusicAPI */,
				9F7DF2E7260F9345005BCF83 /* FirebaseFunctions */,
				9F7DF2E9260F9345005BCF83 /* FirebaseFirestoreSwift-Beta */,
				9F7DF2EB260F9345005BCF83 /* FirebaseAuth */,
				9F7DF2ED260F9345005BCF83 /* FirebaseFirestore */,
				9F7DF2EF260F9345005BCF83 /* FirebaseDatabase */,
				9FEE692F2610C1060007BB16 /* SwiftKeychainWrapper */,
			);
			productName = queued;
			productReference = 9FD356C325FE345D00C66E41 /* queued.app */;
			productType = "com.apple.product-type.application";
		};
/* End PBXNativeTarget section */

/* Begin PBXProject section */
		9FD356BB25FE345D00C66E41 /* Project object */ = {
			isa = PBXProject;
			attributes = {
				LastSwiftUpdateCheck = 1240;
				LastUpgradeCheck = 1240;
				TargetAttributes = {
					9FD356C225FE345D00C66E41 = {
						CreatedOnToolsVersion = 12.4;
					};
				};
			};
			buildConfigurationList = 9FD356BE25FE345D00C66E41 /* Build configuration list for PBXProject "queued" */;
			compatibilityVersion = "Xcode 9.3";
			developmentRegion = en;
			hasScannedForEncodings = 0;
			knownRegions = (
				en,
				Base,
			);
			mainGroup = 9FD356BA25FE345D00C66E41;
			packageReferences = (
				9FD356D625FE3A2D00C66E41 /* XCRemoteSwiftPackageReference "SpotifyForSwift" */,
				9FD356F225FE4D6300C66E41 /* XCRemoteSwiftPackageReference "AlertToast" */,
				9FD356F625FE7D2B00C66E41 /* XCRemoteSwiftPackageReference "AppleMusicForSwift" */,
				9F7DF2E6260F9345005BCF83 /* XCRemoteSwiftPackageReference "firebase-ios-sdk" */,
				9FEE692E2610C1050007BB16 /* XCRemoteSwiftPackageReference "SwiftKeychainWrapper" */,
			);
			productRefGroup = 9FD356C425FE345D00C66E41 /* Products */;
			projectDirPath = "";
			projectRoot = "";
			targets = (
				9FD356C225FE345D00C66E41 /* queued */,
			);
		};
/* End PBXProject section */

/* Begin PBXResourcesBuildPhase section */
		9FD356C125FE345D00C66E41 /* Resources */ = {
			isa = PBXResourcesBuildPhase;
			buildActionMask = 2147483647;
			files = (
				9FD356CE25FE346200C66E41 /* Preview Assets.xcassets in Resources */,
				9FD356CB25FE346200C66E41 /* Assets.xcassets in Resources */,
				9F7DF2F3260F93BE005BCF83 /* GoogleService-Info.plist in Resources */,
			);
			runOnlyForDeploymentPostprocessing = 0;
		};
/* End PBXResourcesBuildPhase section */

/* Begin PBXSourcesBuildPhase section */
		9FD356BF25FE345D00C66E41 /* Sources */ = {
			isa = PBXSourcesBuildPhase;
			buildActionMask = 2147483647;
			files = (
				9F7DF30226108A7C005BCF83 /* User.swift in Sources */,
				9F7DF2FF26108A25005BCF83 /* Song.swift in Sources */,
				9FA8A4A4261128DF009B222C /* SessionMemberViewModel.swift in Sources */,
				9FA1060A260A8D8B00D2C9A3 /* HomeView.swift in Sources */,
				9F7DF30526108B2B005BCF83 /* CreateSessionView.swift in Sources */,
				9F56A9CD2610A288000E7C71 /* SessionHostViewModel.swift in Sources */,
				9FA8A4A12611286D009B222C /* SessionMemberView.swift in Sources */,
				9F237A272600207200D5CA86 /* JoinSessionView.swift in Sources */,
				9F7DF2F8260F945C005BCF83 /* FirebaseManager.swift in Sources */,
				9F56A9D02610B172000E7C71 /* UserManager.swift in Sources */,
				9FD356ED25FE412B00C66E41 /* ImageView.swift in Sources */,
				9F237A2A260020EE00D5CA86 /* JoinSessionViewModel.swift in Sources */,
				9FD356C925FE345D00C66E41 /* ContentView.swift in Sources */,
				9FD356E425FE3EDE00C66E41 /* SongSearchView.swift in Sources */,
				9F7DF2FC260F9893005BCF83 /* Session.swift in Sources */,
				9FD356F025FE4C6300C66E41 /* View+Additions.swift in Sources */,
				9F7DF3082610954A005BCF83 /* SpotifyHostManager.swift in Sources */,
				9F56A9CA26109F62000E7C71 /* SessionHostView.swift in Sources */,
				9FEE69332610E46B0007BB16 /* ProfileView.swift in Sources */,
				9FD356C725FE345D00C66E41 /* queuedApp.swift in Sources */,
				9FD356E725FE3F0D00C66E41 /* SpotifySearchViewModel.swift in Sources */,
			);
			runOnlyForDeploymentPostprocessing = 0;
		};
/* End PBXSourcesBuildPhase section */

/* Begin XCBuildConfiguration section */
		9FD356D025FE346200C66E41 /* Debug */ = {
			isa = XCBuildConfiguration;
			buildSettings = {
				ALWAYS_SEARCH_USER_PATHS = NO;
				CLANG_ANALYZER_NONNULL = YES;
				CLANG_ANALYZER_NUMBER_OBJECT_CONVERSION = YES_AGGRESSIVE;
				CLANG_CXX_LANGUAGE_STANDARD = "gnu++14";
				CLANG_CXX_LIBRARY = "libc++";
				CLANG_ENABLE_MODULES = YES;
				CLANG_ENABLE_OBJC_ARC = YES;
				CLANG_ENABLE_OBJC_WEAK = YES;
				CLANG_WARN_BLOCK_CAPTURE_AUTORELEASING = YES;
				CLANG_WARN_BOOL_CONVERSION = YES;
				CLANG_WARN_COMMA = YES;
				CLANG_WARN_CONSTANT_CONVERSION = YES;
				CLANG_WARN_DEPRECATED_OBJC_IMPLEMENTATIONS = YES;
				CLANG_WARN_DIRECT_OBJC_ISA_USAGE = YES_ERROR;
				CLANG_WARN_DOCUMENTATION_COMMENTS = YES;
				CLANG_WARN_EMPTY_BODY = YES;
				CLANG_WARN_ENUM_CONVERSION = YES;
				CLANG_WARN_INFINITE_RECURSION = YES;
				CLANG_WARN_INT_CONVERSION = YES;
				CLANG_WARN_NON_LITERAL_NULL_CONVERSION = YES;
				CLANG_WARN_OBJC_IMPLICIT_RETAIN_SELF = YES;
				CLANG_WARN_OBJC_LITERAL_CONVERSION = YES;
				CLANG_WARN_OBJC_ROOT_CLASS = YES_ERROR;
				CLANG_WARN_QUOTED_INCLUDE_IN_FRAMEWORK_HEADER = YES;
				CLANG_WARN_RANGE_LOOP_ANALYSIS = YES;
				CLANG_WARN_STRICT_PROTOTYPES = YES;
				CLANG_WARN_SUSPICIOUS_MOVE = YES;
				CLANG_WARN_UNGUARDED_AVAILABILITY = YES_AGGRESSIVE;
				CLANG_WARN_UNREACHABLE_CODE = YES;
				CLANG_WARN__DUPLICATE_METHOD_MATCH = YES;
				COPY_PHASE_STRIP = NO;
				DEBUG_INFORMATION_FORMAT = dwarf;
				ENABLE_STRICT_OBJC_MSGSEND = YES;
				ENABLE_TESTABILITY = YES;
				GCC_C_LANGUAGE_STANDARD = gnu11;
				GCC_DYNAMIC_NO_PIC = NO;
				GCC_NO_COMMON_BLOCKS = YES;
				GCC_OPTIMIZATION_LEVEL = 0;
				GCC_PREPROCESSOR_DEFINITIONS = (
					"DEBUG=1",
					"$(inherited)",
				);
				GCC_WARN_64_TO_32_BIT_CONVERSION = YES;
				GCC_WARN_ABOUT_RETURN_TYPE = YES_ERROR;
				GCC_WARN_UNDECLARED_SELECTOR = YES;
				GCC_WARN_UNINITIALIZED_AUTOS = YES_AGGRESSIVE;
				GCC_WARN_UNUSED_FUNCTION = YES;
				GCC_WARN_UNUSED_VARIABLE = YES;
				IPHONEOS_DEPLOYMENT_TARGET = 14.4;
				MTL_ENABLE_DEBUG_INFO = INCLUDE_SOURCE;
				MTL_FAST_MATH = YES;
				ONLY_ACTIVE_ARCH = YES;
				SDKROOT = iphoneos;
				SWIFT_ACTIVE_COMPILATION_CONDITIONS = DEBUG;
				SWIFT_OPTIMIZATION_LEVEL = "-Onone";
			};
			name = Debug;
		};
		9FD356D125FE346200C66E41 /* Release */ = {
			isa = XCBuildConfiguration;
			buildSettings = {
				ALWAYS_SEARCH_USER_PATHS = NO;
				CLANG_ANALYZER_NONNULL = YES;
				CLANG_ANALYZER_NUMBER_OBJECT_CONVERSION = YES_AGGRESSIVE;
				CLANG_CXX_LANGUAGE_STANDARD = "gnu++14";
				CLANG_CXX_LIBRARY = "libc++";
				CLANG_ENABLE_MODULES = YES;
				CLANG_ENABLE_OBJC_ARC = YES;
				CLANG_ENABLE_OBJC_WEAK = YES;
				CLANG_WARN_BLOCK_CAPTURE_AUTORELEASING = YES;
				CLANG_WARN_BOOL_CONVERSION = YES;
				CLANG_WARN_COMMA = YES;
				CLANG_WARN_CONSTANT_CONVERSION = YES;
				CLANG_WARN_DEPRECATED_OBJC_IMPLEMENTATIONS = YES;
				CLANG_WARN_DIRECT_OBJC_ISA_USAGE = YES_ERROR;
				CLANG_WARN_DOCUMENTATION_COMMENTS = YES;
				CLANG_WARN_EMPTY_BODY = YES;
				CLANG_WARN_ENUM_CONVERSION = YES;
				CLANG_WARN_INFINITE_RECURSION = YES;
				CLANG_WARN_INT_CONVERSION = YES;
				CLANG_WARN_NON_LITERAL_NULL_CONVERSION = YES;
				CLANG_WARN_OBJC_IMPLICIT_RETAIN_SELF = YES;
				CLANG_WARN_OBJC_LITERAL_CONVERSION = YES;
				CLANG_WARN_OBJC_ROOT_CLASS = YES_ERROR;
				CLANG_WARN_QUOTED_INCLUDE_IN_FRAMEWORK_HEADER = YES;
				CLANG_WARN_RANGE_LOOP_ANALYSIS = YES;
				CLANG_WARN_STRICT_PROTOTYPES = YES;
				CLANG_WARN_SUSPICIOUS_MOVE = YES;
				CLANG_WARN_UNGUARDED_AVAILABILITY = YES_AGGRESSIVE;
				CLANG_WARN_UNREACHABLE_CODE = YES;
				CLANG_WARN__DUPLICATE_METHOD_MATCH = YES;
				COPY_PHASE_STRIP = NO;
				DEBUG_INFORMATION_FORMAT = "dwarf-with-dsym";
				ENABLE_NS_ASSERTIONS = NO;
				ENABLE_STRICT_OBJC_MSGSEND = YES;
				GCC_C_LANGUAGE_STANDARD = gnu11;
				GCC_NO_COMMON_BLOCKS = YES;
				GCC_WARN_64_TO_32_BIT_CONVERSION = YES;
				GCC_WARN_ABOUT_RETURN_TYPE = YES_ERROR;
				GCC_WARN_UNDECLARED_SELECTOR = YES;
				GCC_WARN_UNINITIALIZED_AUTOS = YES_AGGRESSIVE;
				GCC_WARN_UNUSED_FUNCTION = YES;
				GCC_WARN_UNUSED_VARIABLE = YES;
				IPHONEOS_DEPLOYMENT_TARGET = 14.4;
				MTL_ENABLE_DEBUG_INFO = NO;
				MTL_FAST_MATH = YES;
				SDKROOT = iphoneos;
				SWIFT_COMPILATION_MODE = wholemodule;
				SWIFT_OPTIMIZATION_LEVEL = "-O";
				VALIDATE_PRODUCT = YES;
			};
			name = Release;
		};
		9FD356D325FE346200C66E41 /* Debug */ = {
			isa = XCBuildConfiguration;
			buildSettings = {
				ASSETCATALOG_COMPILER_APPICON_NAME = AppIcon;
				ASSETCATALOG_COMPILER_GLOBAL_ACCENT_COLOR_NAME = AccentColor;
				CODE_SIGN_STYLE = Automatic;
				DEVELOPMENT_ASSET_PATHS = "\"queued/Preview Content\"";
				DEVELOPMENT_TEAM = 9Y2AMH5S23;
				ENABLE_PREVIEWS = YES;
				INFOPLIST_FILE = queued/Info.plist;
				IPHONEOS_DEPLOYMENT_TARGET = 14.0;
				LD_RUNPATH_SEARCH_PATHS = (
					"$(inherited)",
					"@executable_path/Frameworks",
				);
				PRODUCT_BUNDLE_IDENTIFIER = TedB.queued;
				PRODUCT_NAME = "$(TARGET_NAME)";
				SWIFT_VERSION = 5.0;
				TARGETED_DEVICE_FAMILY = "1,2";
			};
			name = Debug;
		};
		9FD356D425FE346200C66E41 /* Release */ = {
			isa = XCBuildConfiguration;
			buildSettings = {
				ASSETCATALOG_COMPILER_APPICON_NAME = AppIcon;
				ASSETCATALOG_COMPILER_GLOBAL_ACCENT_COLOR_NAME = AccentColor;
				CODE_SIGN_STYLE = Automatic;
				DEVELOPMENT_ASSET_PATHS = "\"queued/Preview Content\"";
				DEVELOPMENT_TEAM = 9Y2AMH5S23;
				ENABLE_PREVIEWS = YES;
				INFOPLIST_FILE = queued/Info.plist;
				IPHONEOS_DEPLOYMENT_TARGET = 14.0;
				LD_RUNPATH_SEARCH_PATHS = (
					"$(inherited)",
					"@executable_path/Frameworks",
				);
				PRODUCT_BUNDLE_IDENTIFIER = TedB.queued;
				PRODUCT_NAME = "$(TARGET_NAME)";
				SWIFT_VERSION = 5.0;
				TARGETED_DEVICE_FAMILY = "1,2";
			};
			name = Release;
		};
/* End XCBuildConfiguration section */

/* Begin XCConfigurationList section */
		9FD356BE25FE345D00C66E41 /* Build configuration list for PBXProject "queued" */ = {
			isa = XCConfigurationList;
			buildConfigurations = (
				9FD356D025FE346200C66E41 /* Debug */,
				9FD356D125FE346200C66E41 /* Release */,
			);
			defaultConfigurationIsVisible = 0;
			defaultConfigurationName = Release;
		};
		9FD356D225FE346200C66E41 /* Build configuration list for PBXNativeTarget "queued" */ = {
			isa = XCConfigurationList;
			buildConfigurations = (
				9FD356D325FE346200C66E41 /* Debug */,
				9FD356D425FE346200C66E41 /* Release */,
			);
			defaultConfigurationIsVisible = 0;
			defaultConfigurationName = Release;
		};
/* End XCConfigurationList section */

/* Begin XCRemoteSwiftPackageReference section */
		9F7DF2E6260F9345005BCF83 /* XCRemoteSwiftPackageReference "firebase-ios-sdk" */ = {
			isa = XCRemoteSwiftPackageReference;
			repositoryURL = "https://github.com/firebase/firebase-ios-sdk.git";
			requirement = {
				kind = upToNextMajorVersion;
				minimumVersion = 7.9.1;
			};
		};
		9FD356D625FE3A2D00C66E41 /* XCRemoteSwiftPackageReference "SpotifyForSwift" */ = {
			isa = XCRemoteSwiftPackageReference;
			repositoryURL = "https://github.com/tedbennett/SpotifyForSwift.git";
			requirement = {
				branch = main;
				kind = branch;
			};
		};
		9FD356F225FE4D6300C66E41 /* XCRemoteSwiftPackageReference "AlertToast" */ = {
			isa = XCRemoteSwiftPackageReference;
			repositoryURL = "https://github.com/elai950/AlertToast.git";
			requirement = {
				branch = master;
				kind = branch;
			};
		};
		9FD356F625FE7D2B00C66E41 /* XCRemoteSwiftPackageReference "AppleMusicForSwift" */ = {
			isa = XCRemoteSwiftPackageReference;
			repositoryURL = "https://github.com/tedbennett/AppleMusicForSwift.git";
			requirement = {
				branch = main;
				kind = branch;
			};
		};
		9FEE692E2610C1050007BB16 /* XCRemoteSwiftPackageReference "SwiftKeychainWrapper" */ = {
			isa = XCRemoteSwiftPackageReference;
			repositoryURL = "https://github.com/jrendel/SwiftKeychainWrapper";
			requirement = {
				kind = upToNextMajorVersion;
				minimumVersion = 4.0.1;
			};
		};
/* End XCRemoteSwiftPackageReference section */

/* Begin XCSwiftPackageProductDependency section */
		9F7DF2E7260F9345005BCF83 /* FirebaseFunctions */ = {
			isa = XCSwiftPackageProductDependency;
			package = 9F7DF2E6260F9345005BCF83 /* XCRemoteSwiftPackageReference "firebase-ios-sdk" */;
			productName = FirebaseFunctions;
		};
		9F7DF2E9260F9345005BCF83 /* FirebaseFirestoreSwift-Beta */ = {
			isa = XCSwiftPackageProductDependency;
			package = 9F7DF2E6260F9345005BCF83 /* XCRemoteSwiftPackageReference "firebase-ios-sdk" */;
			productName = "FirebaseFirestoreSwift-Beta";
		};
		9F7DF2EB260F9345005BCF83 /* FirebaseAuth */ = {
			isa = XCSwiftPackageProductDependency;
			package = 9F7DF2E6260F9345005BCF83 /* XCRemoteSwiftPackageReference "firebase-ios-sdk" */;
			productName = FirebaseAuth;
		};
		9F7DF2ED260F9345005BCF83 /* FirebaseFirestore */ = {
			isa = XCSwiftPackageProductDependency;
			package = 9F7DF2E6260F9345005BCF83 /* XCRemoteSwiftPackageReference "firebase-ios-sdk" */;
			productName = FirebaseFirestore;
		};
		9F7DF2EF260F9345005BCF83 /* FirebaseDatabase */ = {
			isa = XCSwiftPackageProductDependency;
			package = 9F7DF2E6260F9345005BCF83 /* XCRemoteSwiftPackageReference "firebase-ios-sdk" */;
			productName = FirebaseDatabase;
		};
		9FD356D725FE3A2D00C66E41 /* SpotifyAPI */ = {
			isa = XCSwiftPackageProductDependency;
			package = 9FD356D625FE3A2D00C66E41 /* XCRemoteSwiftPackageReference "SpotifyForSwift" */;
			productName = SpotifyAPI;
		};
		9FD356F325FE4D6300C66E41 /* AlertToast */ = {
			isa = XCSwiftPackageProductDependency;
			package = 9FD356F225FE4D6300C66E41 /* XCRemoteSwiftPackageReference "AlertToast" */;
			productName = AlertToast;
		};
		9FD356F725FE7D2B00C66E41 /* AppleMusicAPI */ = {
			isa = XCSwiftPackageProductDependency;
			package = 9FD356F625FE7D2B00C66E41 /* XCRemoteSwiftPackageReference "AppleMusicForSwift" */;
			productName = AppleMusicAPI;
		};
		9FEE692F2610C1060007BB16 /* SwiftKeychainWrapper */ = {
			isa = XCSwiftPackageProductDependency;
			package = 9FEE692E2610C1050007BB16 /* XCRemoteSwiftPackageReference "SwiftKeychainWrapper" */;
			productName = SwiftKeychainWrapper;
		};
/* End XCSwiftPackageProductDependency section */
	};
	rootObject = 9FD356BB25FE345D00C66E41 /* Project object */;
}
